
Microsoft Visual Studio Solution File, Format Version 12.00
Project("{FAE04EC0-301F-11D3-BF4B-00C04F79EFBC}") = "DoubletsVsClickHouseBenchmarks.Benchmarks", "DoubletsVsClickHouseBenchmarks.Benchmarks\DoubletsVsClickHouseBenchmarks.Benchmarks.csproj", "{A27C2FDF-37FE-480B-88A6-82ADECA9D259}"
EndProject
Project("{FAE04EC0-301F-11D3-BF4B-00C04F79EFBC}") = "DoubletsVsClickHouseBenchmarks.Tests", "DoubletsVsClickHouseBenchmarks.Tests\DoubletsVsClickHouseBenchmarks.Tests.csproj", "{4E185901-6DA7-447D-954C-D3527F0B91F1}"
EndProject
Project("{FAE04EC0-301F-11D3-BF4B-00C04F79EFBC}") = "DoubletsVsClickHouseBenchmarks.Library", "DoubletsVsClickHouseBenchmarks.Library\DoubletsVsClickHouseBenchmarks.Library.csproj", "{27962BE4-0564-40AD-BD88-CACD437B6DC5}"
EndProject
Global
	GlobalSection(SolutionConfigurationPlatforms) = preSolution
		Debug|Any CPU = Debug|Any CPU
		Release|Any CPU = Release|Any CPU
	EndGlobalSection
	GlobalSection(ProjectConfigurationPlatforms) = postSolution
		{A27C2FDF-37FE-480B-88A6-82ADECA9D259}.Debug|Any CPU.ActiveCfg = Debug|Any CPU
		{A27C2FDF-37FE-480B-88A6-82ADECA9D259}.Debug|Any CPU.Build.0 = Debug|Any CPU
		{A27C2FDF-37FE-480B-88A6-82ADECA9D259}.Release|Any CPU.ActiveCfg = Release|Any CPU
		{A27C2FDF-37FE-480B-88A6-82ADECA9D259}.Release|Any CPU.Build.0 = Release|Any CPU
		{4E185901-6DA7-447D-954C-D3527F0B91F1}.Debug|Any CPU.ActiveCfg = Debug|Any CPU
		{4E185901-6DA7-447D-954C-D3527F0B91F1}.Debug|Any CPU.Build.0 = Debug|Any CPU
		{4E185901-6DA7-447D-954C-D3527F0B91F1}.Release|Any CPU.ActiveCfg = Release|Any CPU
		{4E185901-6DA7-447D-954C-D3527F0B91F1}.Release|Any CPU.Build.0 = Release|Any CPU
		{27962BE4-0564-40AD-BD88-CACD437B6DC5}.Debug|Any CPU.ActiveCfg = Debug|Any CPU
		{27962BE4-0564-40AD-BD88-CACD437B6DC5}.Debug|Any CPU.Build.0 = Debug|Any CPU
		{27962BE4-0564-40AD-BD88-CACD437B6DC5}.Release|Any CPU.ActiveCfg = Release|Any CPU
		{27962BE4-0564-40AD-BD88-CACD437B6DC5}.Release|Any CPU.Build.0 = Release|Any CPU
	EndGlobalSection
EndGlobal
